
Microsoft Visual Studio Solution File, Format Version 12.00
# Visual Studio Version 16
VisualStudioVersion = 16.0.29102.190
MinimumVisualStudioVersion = 10.0.40219.1
Project("{FAE04EC0-301F-11D3-BF4B-00C04F79EFBC}") = "RPAExcelProject", "RPAExcelProject\RPAExcelProject.csproj", "{91593228-426E-427F-82B3-F897F703557C}"
EndProject
Global
	GlobalSection(SolutionConfigurationPlatforms) = preSolution
		Debug|Any CPU = Debug|Any CPU
		Release|Any CPU = Release|Any CPU
	EndGlobalSection
	GlobalSection(ProjectConfigurationPlatforms) = postSolution
		{91593228-426E-427F-82B3-F897F703557C}.Debug|Any CPU.ActiveCfg = Debug|Any CPU
		{91593228-426E-427F-82B3-F897F703557C}.Debug|Any CPU.Build.0 = Debug|Any CPU
		{91593228-426E-427F-82B3-F897F703557C}.Release|Any CPU.ActiveCfg = Release|Any CPU
		{91593228-426E-427F-82B3-F897F703557C}.Release|Any CPU.Build.0 = Release|Any CPU
	EndGlobalSection
	GlobalSection(SolutionProperties) = preSolution
		HideSolutionNode = FALSE
	EndGlobalSection
	GlobalSection(ExtensibilityGlobals) = postSolution
		SolutionGuid = {90AAC351-D99F-458C-B202-D82CB4432F16}
	EndGlobalSection
EndGlobal
